
Microsoft Visual Studio Solution File, Format Version 12.00
# Visual Studio Version 16
VisualStudioVersion = 16.0.31729.503
MinimumVisualStudioVersion = 10.0.40219.1
Project("{9A19103F-16F7-4668-BE54-9A1E7A4F7556}") = "exercise01", "exercise01\exercise01.csproj", "{8EE28349-B982-4994-8F96-61DB95FD8D54}"
EndProject
Project("{9A19103F-16F7-4668-BE54-9A1E7A4F7556}") = "exercise02", "exercise02\exercise02.csproj", "{28451629-3232-4F0C-B01E-5188D5F49B7A}"
EndProject
Project("{9A19103F-16F7-4668-BE54-9A1E7A4F7556}") = "exercise03", "exercise03\exercise03.csproj", "{CA998CDB-F2DF-456B-B7E4-B3D84D9F513A}"
EndProject
Project("{9A19103F-16F7-4668-BE54-9A1E7A4F7556}") = "exercise04", "excercise04\exercise04.csproj", "{1A5C2B5A-706B-4A47-8EE0-9328C40305A1}"
EndProject
Project("{9A19103F-16F7-4668-BE54-9A1E7A4F7556}") = "stringToCharArray-sample", "stringToCharArray-sample\stringToCharArray-sample.csproj", "{BD24D68C-048A-40EC-A54A-78993888A1C3}"
EndProject
Project("{9A19103F-16F7-4668-BE54-9A1E7A4F7556}") = "ChessBoard", "ChessBoard\ChessBoard.csproj", "{14DAE099-8F27-44A1-A147-BF4935CCDB6D}"
EndProject
Project("{9A19103F-16F7-4668-BE54-9A1E7A4F7556}") = "ChessBoardModel", "ChessBoardModel\ChessBoardModel.csproj", "{5F995156-2FCF-42BD-BB3D-B2701D52D728}"
EndProject
Project("{9A19103F-16F7-4668-BE54-9A1E7A4F7556}") = "day-3_coverted_parsed", "day-3_coverted_parsed\day-3_coverted_parsed.csproj", "{BAA2505A-2D26-4F61-9698-3DE406A04DD1}"
EndProject
Project("{9A19103F-16F7-4668-BE54-9A1E7A4F7556}") = "day3_random", "day3_random\day3_random.csproj", "{53EBAAE5-3D05-465F-94CE-95954D2AC740}"
EndProject
Project("{9A19103F-16F7-4668-BE54-9A1E7A4F7556}") = "day3_string-format", "day3_string-format\day3_string-format.csproj", "{EE668A73-71EE-4D67-ACAC-F0D9C8479883}"
EndProject
Project("{9A19103F-16F7-4668-BE54-9A1E7A4F7556}") = "day-3_cycle-for", "day-3_cycle-for\day-3_cycle-for.csproj", "{A43E46A0-2928-4D1C-B13D-3CB528BC99F1}"
EndProject
Project("{9A19103F-16F7-4668-BE54-9A1E7A4F7556}") = "day-3_cycle-foreach", "day-3_cycle-foreach\day-3_cycle-foreach.csproj", "{53E7E1FD-D01C-4C67-B4AE-6EB83C17A6E2}"
EndProject
Project("{9A19103F-16F7-4668-BE54-9A1E7A4F7556}") = "day-3_cycle-foreach-2-nested-arrays", "day-3_cycle-foreach-2-nested-arrays\day-3_cycle-foreach-2-nested-arrays.csproj", "{8C48FF94-87FF-4FAA-AB87-2CA4DAD50F72}"
EndProject
Project("{9A19103F-16F7-4668-BE54-9A1E7A4F7556}") = "day-3_refs_to_object", "day-3_refs_to_object\day-3_refs_to_object.csproj", "{6D40389B-0840-453E-8685-E99EB3031918}"
EndProject
Project("{9A19103F-16F7-4668-BE54-9A1E7A4F7556}") = "exercise05-magic-dates", "exercise05-magic-dates\exercise05-magic-dates.csproj", "{14C0D61F-D248-44A3-ABC1-0A7DD6351C53}"
EndProject
Project("{9A19103F-16F7-4668-BE54-9A1E7A4F7556}") = "excercise06-random-password-generator", "excercise06-random-password-generator\excercise06-random-password-generator.csproj", "{0EB39D88-BF5A-4DAB-A27A-7D9F5710CA74}"
EndProject
Project("{9A19103F-16F7-4668-BE54-9A1E7A4F7556}") = "exercise07-car-plate-generator", "exercise07-car-plate-generator\exercise07-car-plate-generator.csproj", "{ADD43DE2-1989-4413-9163-ADA96EFE24E2}"
EndProject
Project("{9A19103F-16F7-4668-BE54-9A1E7A4F7556}") = "ppt2-slide46", "ppt2-slide46\ppt2-slide46.csproj", "{DB19DC18-3C6B-45CE-8B3E-5BD2F9BBD918}"
EndProject
Project("{9A19103F-16F7-4668-BE54-9A1E7A4F7556}") = "exercise03-02-Vector", "exercise03-02-Vector\exercise03-02-Vector.csproj", "{F678C83E-77FC-40FF-BC0F-DF5FEC378B79}"
EndProject
Project("{9A19103F-16F7-4668-BE54-9A1E7A4F7556}") = "Book", "Book\Book.csproj", "{8437F072-FF7D-4998-B53B-08E545246ED2}"
EndProject
Project("{9A19103F-16F7-4668-BE54-9A1E7A4F7556}") = "Demo-point-parrent-child", "Demo-point-parrent-child\Demo-point-parrent-child.csproj", "{E78439D2-8B23-4A17-8127-D81AD25C2896}"
EndProject
Project("{9A19103F-16F7-4668-BE54-9A1E7A4F7556}") = "excercise08-array-coding", "excercise08-array-coding\excercise08-array-coding.csproj", "{2FBC4157-A26A-4964-8859-D85E6D23EF25}"
EndProject
Project("{FAE04EC0-301F-11D3-BF4B-00C04F79EFBC}") = "string-to-array", "ConsoleApp1\string-to-array.csproj", "{E89EC4FC-9861-4FA1-8A18-7C91880D3FBF}"
EndProject
Global
	GlobalSection(SolutionConfigurationPlatforms) = preSolution
		Debug|Any CPU = Debug|Any CPU
		Release|Any CPU = Release|Any CPU
	EndGlobalSection
	GlobalSection(ProjectConfigurationPlatforms) = postSolution
		{8EE28349-B982-4994-8F96-61DB95FD8D54}.Debug|Any CPU.ActiveCfg = Debug|Any CPU
		{8EE28349-B982-4994-8F96-61DB95FD8D54}.Debug|Any CPU.Build.0 = Debug|Any CPU
		{8EE28349-B982-4994-8F96-61DB95FD8D54}.Release|Any CPU.ActiveCfg = Release|Any CPU
		{8EE28349-B982-4994-8F96-61DB95FD8D54}.Release|Any CPU.Build.0 = Release|Any CPU
		{28451629-3232-4F0C-B01E-5188D5F49B7A}.Debug|Any CPU.ActiveCfg = Debug|Any CPU
		{28451629-3232-4F0C-B01E-5188D5F49B7A}.Debug|Any CPU.Build.0 = Debug|Any CPU
		{28451629-3232-4F0C-B01E-5188D5F49B7A}.Release|Any CPU.ActiveCfg = Release|Any CPU
		{28451629-3232-4F0C-B01E-5188D5F49B7A}.Release|Any CPU.Build.0 = Release|Any CPU
		{CA998CDB-F2DF-456B-B7E4-B3D84D9F513A}.Debug|Any CPU.ActiveCfg = Debug|Any CPU
		{CA998CDB-F2DF-456B-B7E4-B3D84D9F513A}.Debug|Any CPU.Build.0 = Debug|Any CPU
		{CA998CDB-F2DF-456B-B7E4-B3D84D9F513A}.Release|Any CPU.ActiveCfg = Release|Any CPU
		{CA998CDB-F2DF-456B-B7E4-B3D84D9F513A}.Release|Any CPU.Build.0 = Release|Any CPU
		{1A5C2B5A-706B-4A47-8EE0-9328C40305A1}.Debug|Any CPU.ActiveCfg = Debug|Any CPU
		{1A5C2B5A-706B-4A47-8EE0-9328C40305A1}.Debug|Any CPU.Build.0 = Debug|Any CPU
		{1A5C2B5A-706B-4A47-8EE0-9328C40305A1}.Release|Any CPU.ActiveCfg = Release|Any CPU
		{1A5C2B5A-706B-4A47-8EE0-9328C40305A1}.Release|Any CPU.Build.0 = Release|Any CPU
		{BD24D68C-048A-40EC-A54A-78993888A1C3}.Debug|Any CPU.ActiveCfg = Debug|Any CPU
		{BD24D68C-048A-40EC-A54A-78993888A1C3}.Debug|Any CPU.Build.0 = Debug|Any CPU
		{BD24D68C-048A-40EC-A54A-78993888A1C3}.Release|Any CPU.ActiveCfg = Release|Any CPU
		{BD24D68C-048A-40EC-A54A-78993888A1C3}.Release|Any CPU.Build.0 = Release|Any CPU
		{14DAE099-8F27-44A1-A147-BF4935CCDB6D}.Debug|Any CPU.ActiveCfg = Debug|Any CPU
		{14DAE099-8F27-44A1-A147-BF4935CCDB6D}.Debug|Any CPU.Build.0 = Debug|Any CPU
		{14DAE099-8F27-44A1-A147-BF4935CCDB6D}.Release|Any CPU.ActiveCfg = Release|Any CPU
		{14DAE099-8F27-44A1-A147-BF4935CCDB6D}.Release|Any CPU.Build.0 = Release|Any CPU
		{5F995156-2FCF-42BD-BB3D-B2701D52D728}.Debug|Any CPU.ActiveCfg = Debug|Any CPU
		{5F995156-2FCF-42BD-BB3D-B2701D52D728}.Debug|Any CPU.Build.0 = Debug|Any CPU
		{5F995156-2FCF-42BD-BB3D-B2701D52D728}.Release|Any CPU.ActiveCfg = Release|Any CPU
		{5F995156-2FCF-42BD-BB3D-B2701D52D728}.Release|Any CPU.Build.0 = Release|Any CPU
		{BAA2505A-2D26-4F61-9698-3DE406A04DD1}.Debug|Any CPU.ActiveCfg = Debug|Any CPU
		{BAA2505A-2D26-4F61-9698-3DE406A04DD1}.Debug|Any CPU.Build.0 = Debug|Any CPU
		{BAA2505A-2D26-4F61-9698-3DE406A04DD1}.Release|Any CPU.ActiveCfg = Release|Any CPU
		{BAA2505A-2D26-4F61-9698-3DE406A04DD1}.Release|Any CPU.Build.0 = Release|Any CPU
		{53EBAAE5-3D05-465F-94CE-95954D2AC740}.Debug|Any CPU.ActiveCfg = Debug|Any CPU
		{53EBAAE5-3D05-465F-94CE-95954D2AC740}.Debug|Any CPU.Build.0 = Debug|Any CPU
		{53EBAAE5-3D05-465F-94CE-95954D2AC740}.Release|Any CPU.ActiveCfg = Release|Any CPU
		{53EBAAE5-3D05-465F-94CE-95954D2AC740}.Release|Any CPU.Build.0 = Release|Any CPU
		{EE668A73-71EE-4D67-ACAC-F0D9C8479883}.Debug|Any CPU.ActiveCfg = Debug|Any CPU
		{EE668A73-71EE-4D67-ACAC-F0D9C8479883}.Debug|Any CPU.Build.0 = Debug|Any CPU
		{EE668A73-71EE-4D67-ACAC-F0D9C8479883}.Release|Any CPU.ActiveCfg = Release|Any CPU
		{EE668A73-71EE-4D67-ACAC-F0D9C8479883}.Release|Any CPU.Build.0 = Release|Any CPU
		{A43E46A0-2928-4D1C-B13D-3CB528BC99F1}.Debug|Any CPU.ActiveCfg = Debug|Any CPU
		{A43E46A0-2928-4D1C-B13D-3CB528BC99F1}.Debug|Any CPU.Build.0 = Debug|Any CPU
		{A43E46A0-2928-4D1C-B13D-3CB528BC99F1}.Release|Any CPU.ActiveCfg = Release|Any CPU
		{A43E46A0-2928-4D1C-B13D-3CB528BC99F1}.Release|Any CPU.Build.0 = Release|Any CPU
		{53E7E1FD-D01C-4C67-B4AE-6EB83C17A6E2}.Debug|Any CPU.ActiveCfg = Debug|Any CPU
		{53E7E1FD-D01C-4C67-B4AE-6EB83C17A6E2}.Debug|Any CPU.Build.0 = Debug|Any CPU
		{53E7E1FD-D01C-4C67-B4AE-6EB83C17A6E2}.Release|Any CPU.ActiveCfg = Release|Any CPU
		{53E7E1FD-D01C-4C67-B4AE-6EB83C17A6E2}.Release|Any CPU.Build.0 = Release|Any CPU
		{8C48FF94-87FF-4FAA-AB87-2CA4DAD50F72}.Debug|Any CPU.ActiveCfg = Debug|Any CPU
		{8C48FF94-87FF-4FAA-AB87-2CA4DAD50F72}.Debug|Any CPU.Build.0 = Debug|Any CPU
		{8C48FF94-87FF-4FAA-AB87-2CA4DAD50F72}.Release|Any CPU.ActiveCfg = Release|Any CPU
		{8C48FF94-87FF-4FAA-AB87-2CA4DAD50F72}.Release|Any CPU.Build.0 = Release|Any CPU
		{6D40389B-0840-453E-8685-E99EB3031918}.Debug|Any CPU.ActiveCfg = Debug|Any CPU
		{6D40389B-0840-453E-8685-E99EB3031918}.Debug|Any CPU.Build.0 = Debug|Any CPU
		{6D40389B-0840-453E-8685-E99EB3031918}.Release|Any CPU.ActiveCfg = Release|Any CPU
		{6D40389B-0840-453E-8685-E99EB3031918}.Release|Any CPU.Build.0 = Release|Any CPU
		{14C0D61F-D248-44A3-ABC1-0A7DD6351C53}.Debug|Any CPU.ActiveCfg = Debug|Any CPU
		{14C0D61F-D248-44A3-ABC1-0A7DD6351C53}.Debug|Any CPU.Build.0 = Debug|Any CPU
		{14C0D61F-D248-44A3-ABC1-0A7DD6351C53}.Release|Any CPU.ActiveCfg = Release|Any CPU
		{14C0D61F-D248-44A3-ABC1-0A7DD6351C53}.Release|Any CPU.Build.0 = Release|Any CPU
		{0EB39D88-BF5A-4DAB-A27A-7D9F5710CA74}.Debug|Any CPU.ActiveCfg = Debug|Any CPU
		{0EB39D88-BF5A-4DAB-A27A-7D9F5710CA74}.Debug|Any CPU.Build.0 = Debug|Any CPU
		{0EB39D88-BF5A-4DAB-A27A-7D9F5710CA74}.Release|Any CPU.ActiveCfg = Release|Any CPU
		{0EB39D88-BF5A-4DAB-A27A-7D9F5710CA74}.Release|Any CPU.Build.0 = Release|Any CPU
		{ADD43DE2-1989-4413-9163-ADA96EFE24E2}.Debug|Any CPU.ActiveCfg = Debug|Any CPU
		{ADD43DE2-1989-4413-9163-ADA96EFE24E2}.Debug|Any CPU.Build.0 = Debug|Any CPU
		{ADD43DE2-1989-4413-9163-ADA96EFE24E2}.Release|Any CPU.ActiveCfg = Release|Any CPU
		{ADD43DE2-1989-4413-9163-ADA96EFE24E2}.Release|Any CPU.Build.0 = Release|Any CPU
		{DB19DC18-3C6B-45CE-8B3E-5BD2F9BBD918}.Debug|Any CPU.ActiveCfg = Debug|Any CPU
		{DB19DC18-3C6B-45CE-8B3E-5BD2F9BBD918}.Debug|Any CPU.Build.0 = Debug|Any CPU
		{DB19DC18-3C6B-45CE-8B3E-5BD2F9BBD918}.Release|Any CPU.ActiveCfg = Release|Any CPU
		{DB19DC18-3C6B-45CE-8B3E-5BD2F9BBD918}.Release|Any CPU.Build.0 = Release|Any CPU
		{F678C83E-77FC-40FF-BC0F-DF5FEC378B79}.Debug|Any CPU.ActiveCfg = Debug|Any CPU
		{F678C83E-77FC-40FF-BC0F-DF5FEC378B79}.Debug|Any CPU.Build.0 = Debug|Any CPU
		{F678C83E-77FC-40FF-BC0F-DF5FEC378B79}.Release|Any CPU.ActiveCfg = Release|Any CPU
		{F678C83E-77FC-40FF-BC0F-DF5FEC378B79}.Release|Any CPU.Build.0 = Release|Any CPU
		{8437F072-FF7D-4998-B53B-08E545246ED2}.Debug|Any CPU.ActiveCfg = Debug|Any CPU
		{8437F072-FF7D-4998-B53B-08E545246ED2}.Debug|Any CPU.Build.0 = Debug|Any CPU
		{8437F072-FF7D-4998-B53B-08E545246ED2}.Release|Any CPU.ActiveCfg = Release|Any CPU
		{8437F072-FF7D-4998-B53B-08E545246ED2}.Release|Any CPU.Build.0 = Release|Any CPU
		{E78439D2-8B23-4A17-8127-D81AD25C2896}.Debug|Any CPU.ActiveCfg = Debug|Any CPU
		{E78439D2-8B23-4A17-8127-D81AD25C2896}.Debug|Any CPU.Build.0 = Debug|Any CPU
		{E78439D2-8B23-4A17-8127-D81AD25C2896}.Release|Any CPU.ActiveCfg = Release|Any CPU
		{E78439D2-8B23-4A17-8127-D81AD25C2896}.Release|Any CPU.Build.0 = Release|Any CPU
		{2FBC4157-A26A-4964-8859-D85E6D23EF25}.Debug|Any CPU.ActiveCfg = Debug|Any CPU
		{2FBC4157-A26A-4964-8859-D85E6D23EF25}.Debug|Any CPU.Build.0 = Debug|Any CPU
		{2FBC4157-A26A-4964-8859-D85E6D23EF25}.Release|Any CPU.ActiveCfg = Release|Any CPU
		{2FBC4157-A26A-4964-8859-D85E6D23EF25}.Release|Any CPU.Build.0 = Release|Any CPU
		{E89EC4FC-9861-4FA1-8A18-7C91880D3FBF}.Debug|Any CPU.ActiveCfg = Debug|Any CPU
		{E89EC4FC-9861-4FA1-8A18-7C91880D3FBF}.Debug|Any CPU.Build.0 = Debug|Any CPU
		{E89EC4FC-9861-4FA1-8A18-7C91880D3FBF}.Release|Any CPU.ActiveCfg = Release|Any CPU
		{E89EC4FC-9861-4FA1-8A18-7C91880D3FBF}.Release|Any CPU.Build.0 = Release|Any CPU
	EndGlobalSection
	GlobalSection(SolutionProperties) = preSolution
		HideSolutionNode = FALSE
	EndGlobalSection
	GlobalSection(ExtensibilityGlobals) = postSolution
		SolutionGuid = {6FA3E900-8930-44F4-BF18-C0F1185617C7}
	EndGlobalSection
EndGlobal
